// !$*UTF8*$!
{
	archiveVersion = 1;
	classes = {
	};
	objectVersion = 46;
	objects = {

/* Begin PBXBuildFile section */
		CC2B3A671C952D71001FFB2B /* AppDelegate.swift in Sources */ = {isa = PBXBuildFile; fileRef = CC2B3A661C952D71001FFB2B /* AppDelegate.swift */; };
		CC2B3A6C1C952D71001FFB2B /* Main.storyboard in Resources */ = {isa = PBXBuildFile; fileRef = CC2B3A6A1C952D71001FFB2B /* Main.storyboard */; };
		CC2B3A6E1C952D71001FFB2B /* Assets.xcassets in Resources */ = {isa = PBXBuildFile; fileRef = CC2B3A6D1C952D71001FFB2B /* Assets.xcassets */; };
		CC2B3A711C952D71001FFB2B /* LaunchScreen.storyboard in Resources */ = {isa = PBXBuildFile; fileRef = CC2B3A6F1C952D71001FFB2B /* LaunchScreen.storyboard */; };
		CC2B3A7D1C95310D001FFB2B /* APIManager.swift in Sources */ = {isa = PBXBuildFile; fileRef = CC2B3A7C1C95310D001FFB2B /* APIManager.swift */; };
		CC2B3A801C9531BA001FFB2B /* Constants.swift in Sources */ = {isa = PBXBuildFile; fileRef = CC2B3A7F1C9531BA001FFB2B /* Constants.swift */; };
		CC2B3A821C9532A2001FFB2B /* MusicVideo.swift in Sources */ = {isa = PBXBuildFile; fileRef = CC2B3A811C9532A2001FFB2B /* MusicVideo.swift */; };
		CC2B3A871C9533D1001FFB2B /* Reachability.m in Sources */ = {isa = PBXBuildFile; fileRef = CC2B3A861C9533D1001FFB2B /* Reachability.m */; };
		CC2B3A891C9545D8001FFB2B /* MusicVideosTableViewController.swift in Sources */ = {isa = PBXBuildFile; fileRef = CC2B3A881C9545D8001FFB2B /* MusicVideosTableViewController.swift */; };
/* End PBXBuildFile section */

/* Begin PBXFileReference section */
		CC2B3A631C952D71001FFB2B /* Melody.app */ = {isa = PBXFileReference; explicitFileType = wrapper.application; includeInIndex = 0; path = Melody.app; sourceTree = BUILT_PRODUCTS_DIR; };
		CC2B3A661C952D71001FFB2B /* AppDelegate.swift */ = {isa = PBXFileReference; lastKnownFileType = sourcecode.swift; path = AppDelegate.swift; sourceTree = "<group>"; };
		CC2B3A6B1C952D71001FFB2B /* Base */ = {isa = PBXFileReference; lastKnownFileType = file.storyboard; name = Base; path = Base.lproj/Main.storyboard; sourceTree = "<group>"; };
		CC2B3A6D1C952D71001FFB2B /* Assets.xcassets */ = {isa = PBXFileReference; lastKnownFileType = folder.assetcatalog; path = Assets.xcassets; sourceTree = "<group>"; };
		CC2B3A701C952D71001FFB2B /* Base */ = {isa = PBXFileReference; lastKnownFileType = file.storyboard; name = Base; path = Base.lproj/LaunchScreen.storyboard; sourceTree = "<group>"; };
		CC2B3A721C952D71001FFB2B /* Info.plist */ = {isa = PBXFileReference; lastKnownFileType = text.plist.xml; path = Info.plist; sourceTree = "<group>"; };
		CC2B3A7C1C95310D001FFB2B /* APIManager.swift */ = {isa = PBXFileReference; fileEncoding = 4; lastKnownFileType = sourcecode.swift; path = APIManager.swift; sourceTree = "<group>"; };
		CC2B3A7F1C9531BA001FFB2B /* Constants.swift */ = {isa = PBXFileReference; fileEncoding = 4; lastKnownFileType = sourcecode.swift; path = Constants.swift; sourceTree = "<group>"; };
		CC2B3A811C9532A2001FFB2B /* MusicVideo.swift */ = {isa = PBXFileReference; fileEncoding = 4; lastKnownFileType = sourcecode.swift; path = MusicVideo.swift; sourceTree = "<group>"; };
		CC2B3A841C9533D1001FFB2B /* Melody-Bridging-Header.h */ = {isa = PBXFileReference; lastKnownFileType = sourcecode.c.h; path = "Melody-Bridging-Header.h"; sourceTree = "<group>"; };
		CC2B3A851C9533D1001FFB2B /* Reachability.h */ = {isa = PBXFileReference; fileEncoding = 4; lastKnownFileType = sourcecode.c.h; path = Reachability.h; sourceTree = "<group>"; };
		CC2B3A861C9533D1001FFB2B /* Reachability.m */ = {isa = PBXFileReference; fileEncoding = 4; lastKnownFileType = sourcecode.c.objc; path = Reachability.m; sourceTree = "<group>"; };
		CC2B3A881C9545D8001FFB2B /* MusicVideosTableViewController.swift */ = {isa = PBXFileReference; fileEncoding = 4; lastKnownFileType = sourcecode.swift; path = MusicVideosTableViewController.swift; sourceTree = "<group>"; };
/* End PBXFileReference section */

/* Begin PBXFrameworksBuildPhase section */
		CC2B3A601C952D71001FFB2B /* Frameworks */ = {
			isa = PBXFrameworksBuildPhase;
			buildActionMask = 2147483647;
			files = (
			);
			runOnlyForDeploymentPostprocessing = 0;
		};
/* End PBXFrameworksBuildPhase section */

/* Begin PBXGroup section */
		CC2B3A5A1C952D71001FFB2B = {
			isa = PBXGroup;
			children = (
				CC2B3A651C952D71001FFB2B /* Melody */,
				CC2B3A641C952D71001FFB2B /* Products */,
			);
			sourceTree = "<group>";
		};
		CC2B3A641C952D71001FFB2B /* Products */ = {
			isa = PBXGroup;
			children = (
				CC2B3A631C952D71001FFB2B /* Melody.app */,
			);
			name = Products;
			sourceTree = "<group>";
		};
		CC2B3A651C952D71001FFB2B /* Melody */ = {
			isa = PBXGroup;
			children = (
				CC2B3A831C9533A2001FFB2B /* Objective C */,
				CC2B3A7E1C95319F001FFB2B /* Utils */,
				CC2B3A7B1C952EBB001FFB2B /* Model */,
				CC2B3A781C952EA4001FFB2B /* Supporting Files */,
				CC2B3A791C952EAE001FFB2B /* Controller */,
				CC2B3A7A1C952EB6001FFB2B /* View */,
			);
			path = Melody;
			sourceTree = "<group>";
		};
		CC2B3A781C952EA4001FFB2B /* Supporting Files */ = {
			isa = PBXGroup;
			children = (
				CC2B3A661C952D71001FFB2B /* AppDelegate.swift */,
				CC2B3A6D1C952D71001FFB2B /* Assets.xcassets */,
				CC2B3A721C952D71001FFB2B /* Info.plist */,
			);
			name = "Supporting Files";
			sourceTree = "<group>";
		};
		CC2B3A791C952EAE001FFB2B /* Controller */ = {
			isa = PBXGroup;
			children = (
				CC2B3A881C9545D8001FFB2B /* MusicVideosTableViewController.swift */,
			);
			name = Controller;
			sourceTree = "<group>";
		};
		CC2B3A7A1C952EB6001FFB2B /* View */ = {
			isa = PBXGroup;
			children = (
				CC2B3A6A1C952D71001FFB2B /* Main.storyboard */,
				CC2B3A6F1C952D71001FFB2B /* LaunchScreen.storyboard */,
			);
			name = View;
			sourceTree = "<group>";
		};
		CC2B3A7B1C952EBB001FFB2B /* Model */ = {
			isa = PBXGroup;
			children = (
				CC2B3A7C1C95310D001FFB2B /* APIManager.swift */,
				CC2B3A811C9532A2001FFB2B /* MusicVideo.swift */,
			);
			name = Model;
			sourceTree = "<group>";
		};
		CC2B3A7E1C95319F001FFB2B /* Utils */ = {
			isa = PBXGroup;
			children = (
				CC2B3A7F1C9531BA001FFB2B /* Constants.swift */,
			);
			name = Utils;
			sourceTree = "<group>";
		};
		CC2B3A831C9533A2001FFB2B /* Objective C */ = {
			isa = PBXGroup;
			children = (
				CC2B3A851C9533D1001FFB2B /* Reachability.h */,
				CC2B3A861C9533D1001FFB2B /* Reachability.m */,
				CC2B3A841C9533D1001FFB2B /* Melody-Bridging-Header.h */,
			);
			name = "Objective C";
			sourceTree = "<group>";
		};
/* End PBXGroup section */

/* Begin PBXNativeTarget section */
		CC2B3A621C952D71001FFB2B /* Melody */ = {
			isa = PBXNativeTarget;
			buildConfigurationList = CC2B3A751C952D71001FFB2B /* Build configuration list for PBXNativeTarget "Melody" */;
			buildPhases = (
				CC2B3A5F1C952D71001FFB2B /* Sources */,
				CC2B3A601C952D71001FFB2B /* Frameworks */,
				CC2B3A611C952D71001FFB2B /* Resources */,
			);
			buildRules = (
			);
			dependencies = (
			);
			name = Melody;
			productName = Melody;
			productReference = CC2B3A631C952D71001FFB2B /* Melody.app */;
			productType = "com.apple.product-type.application";
		};
/* End PBXNativeTarget section */

/* Begin PBXProject section */
		CC2B3A5B1C952D71001FFB2B /* Project object */ = {
			isa = PBXProject;
			attributes = {
				LastSwiftUpdateCheck = 0720;
				LastUpgradeCheck = 0720;
				ORGANIZATIONNAME = "Raj Abishek";
				TargetAttributes = {
					CC2B3A621C952D71001FFB2B = {
						CreatedOnToolsVersion = 7.2.1;
					};
				};
			};
			buildConfigurationList = CC2B3A5E1C952D71001FFB2B /* Build configuration list for PBXProject "Melody" */;
			compatibilityVersion = "Xcode 3.2";
			developmentRegion = English;
			hasScannedForEncodings = 0;
			knownRegions = (
				en,
				Base,
			);
			mainGroup = CC2B3A5A1C952D71001FFB2B;
			productRefGroup = CC2B3A641C952D71001FFB2B /* Products */;
			projectDirPath = "";
			projectRoot = "";
			targets = (
				CC2B3A621C952D71001FFB2B /* Melody */,
			);
		};
/* End PBXProject section */

/* Begin PBXResourcesBuildPhase section */
		CC2B3A611C952D71001FFB2B /* Resources */ = {
			isa = PBXResourcesBuildPhase;
			buildActionMask = 2147483647;
			files = (
				CC2B3A711C952D71001FFB2B /* LaunchScreen.storyboard in Resources */,
				CC2B3A6E1C952D71001FFB2B /* Assets.xcassets in Resources */,
				CC2B3A6C1C952D71001FFB2B /* Main.storyboard in Resources */,
			);
			runOnlyForDeploymentPostprocessing = 0;
		};
/* End PBXResourcesBuildPhase section */

/* Begin PBXSourcesBuildPhase section */
		CC2B3A5F1C952D71001FFB2B /* Sources */ = {
			isa = PBXSourcesBuildPhase;
			buildActionMask = 2147483647;
			files = (
				CC2B3A7D1C95310D001FFB2B /* APIManager.swift in Sources */,
				CC2B3A821C9532A2001FFB2B /* MusicVideo.swift in Sources */,
				CC2B3A671C952D71001FFB2B /* AppDelegate.swift in Sources */,
				CC2B3A891C9545D8001FFB2B /* MusicVideosTableViewController.swift in Sources */,
				CC2B3A871C9533D1001FFB2B /* Reachability.m in Sources */,
				CC2B3A801C9531BA001FFB2B /* Constants.swift in Sources */,
			);
			runOnlyForDeploymentPostprocessing = 0;
		};
/* End PBXSourcesBuildPhase section */

/* Begin PBXVariantGroup section */
		CC2B3A6A1C952D71001FFB2B /* Main.storyboard */ = {
			isa = PBXVariantGroup;
			children = (
				CC2B3A6B1C952D71001FFB2B /* Base */,
			);
			name = Main.storyboard;
			sourceTree = "<group>";
		};
		CC2B3A6F1C952D71001FFB2B /* LaunchScreen.storyboard */ = {
			isa = PBXVariantGroup;
			children = (
				CC2B3A701C952D71001FFB2B /* Base */,
			);
			name = LaunchScreen.storyboard;
			sourceTree = "<group>";
		};
/* End PBXVariantGroup section */

/* Begin XCBuildConfiguration section */
		CC2B3A731C952D71001FFB2B /* Debug */ = {
			isa = XCBuildConfiguration;
			buildSettings = {
				ALWAYS_SEARCH_USER_PATHS = NO;
				CLANG_CXX_LANGUAGE_STANDARD = "gnu++0x";
				CLANG_CXX_LIBRARY = "libc++";
				CLANG_ENABLE_MODULES = YES;
				CLANG_ENABLE_OBJC_ARC = YES;
				CLANG_WARN_BOOL_CONVERSION = YES;
				CLANG_WARN_CONSTANT_CONVERSION = YES;
				CLANG_WARN_DIRECT_OBJC_ISA_USAGE = YES_ERROR;
				CLANG_WARN_EMPTY_BODY = YES;
				CLANG_WARN_ENUM_CONVERSION = YES;
				CLANG_WARN_INT_CONVERSION = YES;
				CLANG_WARN_OBJC_ROOT_CLASS = YES_ERROR;
				CLANG_WARN_UNREACHABLE_CODE = YES;
				CLANG_WARN__DUPLICATE_METHOD_MATCH = YES;
				"CODE_SIGN_IDENTITY[sdk=iphoneos*]" = "iPhone Developer";
				COPY_PHASE_STRIP = NO;
				DEBUG_INFORMATION_FORMAT = dwarf;
				ENABLE_STRICT_OBJC_MSGSEND = YES;
				ENABLE_TESTABILITY = YES;
				GCC_C_LANGUAGE_STANDARD = gnu99;
				GCC_DYNAMIC_NO_PIC = NO;
				GCC_NO_COMMON_BLOCKS = YES;
				GCC_OPTIMIZATION_LEVEL = 0;
				GCC_PREPROCESSOR_DEFINITIONS = (
					"DEBUG=1",
					"$(inherited)",
				);
				GCC_WARN_64_TO_32_BIT_CONVERSION = YES;
				GCC_WARN_ABOUT_RETURN_TYPE = YES_ERROR;
				GCC_WARN_UNDECLARED_SELECTOR = YES;
				GCC_WARN_UNINITIALIZED_AUTOS = YES_AGGRESSIVE;
				GCC_WARN_UNUSED_FUNCTION = YES;
				GCC_WARN_UNUSED_VARIABLE = YES;
				IPHONEOS_DEPLOYMENT_TARGET = 9.2;
				MTL_ENABLE_DEBUG_INFO = YES;
				ONLY_ACTIVE_ARCH = YES;
				SDKROOT = iphoneos;
				SWIFT_OPTIMIZATION_LEVEL = "-Onone";
				TARGETED_DEVICE_FAMILY = "1,2";
			};
			name = Debug;
		};
		CC2B3A741C952D71001FFB2B /* Release */ = {
			isa = XCBuildConfiguration;
			buildSettings = {
				ALWAYS_SEARCH_USER_PATHS = NO;
				CLANG_CXX_LANGUAGE_STANDARD = "gnu++0x";
				CLANG_CXX_LIBRARY = "libc++";
				CLANG_ENABLE_MODULES = YES;
				CLANG_ENABLE_OBJC_ARC = YES;
				CLANG_WARN_BOOL_CONVERSION = YES;
				CLANG_WARN_CONSTANT_CONVERSION = YES;
				CLANG_WARN_DIRECT_OBJC_ISA_USAGE = YES_ERROR;
				CLANG_WARN_EMPTY_BODY = YES;
				CLANG_WARN_ENUM_CONVERSION = YES;
				CLANG_WARN_INT_CONVERSION = YES;
				CLANG_WARN_OBJC_ROOT_CLASS = YES_ERROR;
				CLANG_WARN_UNREACHABLE_CODE = YES;
				CLANG_WARN__DUPLICATE_METHOD_MATCH = YES;
				"CODE_SIGN_IDENTITY[sdk=iphoneos*]" = "iPhone Developer";
				COPY_PHASE_STRIP = NO;
				DEBUG_INFORMATION_FORMAT = "dwarf-with-dsym";
				ENABLE_NS_ASSERTIONS = NO;
				ENABLE_STRICT_OBJC_MSGSEND = YES;
				GCC_C_LANGUAGE_STANDARD = gnu99;
				GCC_NO_COMMON_BLOCKS = YES;
				GCC_WARN_64_TO_32_BIT_CONVERSION = YES;
				GCC_WARN_ABOUT_RETURN_TYPE = YES_ERROR;
				GCC_WARN_UNDECLARED_SELECTOR = YES;
				GCC_WARN_UNINITIALIZED_AUTOS = YES_AGGRESSIVE;
				GCC_WARN_UNUSED_FUNCTION = YES;
				GCC_WARN_UNUSED_VARIABLE = YES;
				IPHONEOS_DEPLOYMENT_TARGET = 9.2;
				MTL_ENABLE_DEBUG_INFO = NO;
				SDKROOT = iphoneos;
				TARGETED_DEVICE_FAMILY = "1,2";
				VALIDATE_PRODUCT = YES;
			};
			name = Release;
		};
		CC2B3A761C952D71001FFB2B /* Debug */ = {
			isa = XCBuildConfiguration;
			buildSettings = {
				ASSETCATALOG_COMPILER_APPICON_NAME = AppIcon;
				CLANG_ENABLE_MODULES = YES;
				INFOPLIST_FILE = Melody/Info.plist;
				LD_RUNPATH_SEARCH_PATHS = "$(inherited) @executable_path/Frameworks";
				PRODUCT_BUNDLE_IDENTIFIER = Compress.Melody;
				PRODUCT_NAME = "$(TARGET_NAME)";
				SWIFT_OBJC_BRIDGING_HEADER = "Melody/Melody-Bridging-Header.h";
				SWIFT_OPTIMIZATION_LEVEL = "-Onone";
			};
			name = Debug;
		};
		CC2B3A771C952D71001FFB2B /* Release */ = {
			isa = XCBuildConfiguration;
			buildSettings = {
				ASSETCATALOG_COMPILER_APPICON_NAME = AppIcon;
				CLANG_ENABLE_MODULES = YES;
				INFOPLIST_FILE = Melody/Info.plist;
				LD_RUNPATH_SEARCH_PATHS = "$(inherited) @executable_path/Frameworks";
				PRODUCT_BUNDLE_IDENTIFIER = Compress.Melody;
				PRODUCT_NAME = "$(TARGET_NAME)";
				SWIFT_OBJC_BRIDGING_HEADER = "Melody/Melody-Bridging-Header.h";
			};
			name = Release;
		};
/* End XCBuildConfiguration section */

/* Begin XCConfigurationList section */
		CC2B3A5E1C952D71001FFB2B /* Build configuration list for PBXProject "Melody" */ = {
			isa = XCConfigurationList;
			buildConfigurations = (
				CC2B3A731C952D71001FFB2B /* Debug */,
				CC2B3A741C952D71001FFB2B /* Release */,
			);
			defaultConfigurationIsVisible = 0;
			defaultConfigurationName = Release;
		};
		CC2B3A751C952D71001FFB2B /* Build configuration list for PBXNativeTarget "Melody" */ = {
			isa = XCConfigurationList;
			buildConfigurations = (
				CC2B3A761C952D71001FFB2B /* Debug */,
				CC2B3A771C952D71001FFB2B /* Release */,
			);
			defaultConfigurationIsVisible = 0;
		};
/* End XCConfigurationList section */
	};
	rootObject = CC2B3A5B1C952D71001FFB2B /* Project object */;
}
